github.com/alecthomas/assert/v2 v2.0.0-alpha6 h1:N1JMvMzGVxSiD4AUG7uDYpFlYFqbYAj/cZL0QEbDGD8=
github.com/alecthomas/assert/v2 v2.0.0-alpha6/go.mod h1:eFNlGK+unA04cQfLJ8nTHGhZCY1Ssc7U8Q5c5qxRKhY=
github.com/alecthomas/repr v0.0.0-20210801044451-80ca428c5142 h1:8Uy0oSf5co/NZXje7U1z8Mpep++QJOldL2hs/sBQf48=
github.com/alecthomas/repr v0.0.0-20210801044451-80ca428c5142/go.mod h1:2kn6fqh/zIyPLmm3ugklbEi5hg5wS435eygvNfaDQL8=
github.com/hexops/gotextdiff v1.0.3 h1:gitA9+qJrrTCsiCl7+kh75nPqQt1cx4ZkudSTLoUqJM=
github.com/hexops/gotextdiff v1.0.3/go.mod h1:pSWU5MAI3yDq+fZBTazCSJysOMbxWL1BSow5/V2vxeg=
